// !$*UTF8*$!
{
	archiveVersion = 1;
	classes = {
	};
	objectVersion = 56;
	objects = {

/* Begin PBXBuildFile section */
		0D6DD5EA29F3C678008A6A5F /* AppDelegate.swift in Sources */ = {isa = PBXBuildFile; fileRef = 0D6DD5E929F3C678008A6A5F /* AppDelegate.swift */; };
		0D6DD5EC29F3C678008A6A5F /* SceneDelegate.swift in Sources */ = {isa = PBXBuildFile; fileRef = 0D6DD5EB29F3C678008A6A5F /* SceneDelegate.swift */; };
		0D6DD5EE29F3C678008A6A5F /* SearchController.swift in Sources */ = {isa = PBXBuildFile; fileRef = 0D6DD5ED29F3C678008A6A5F /* SearchController.swift */; };
		0D6DD5F129F3C679008A6A5F /* Main.storyboard in Resources */ = {isa = PBXBuildFile; fileRef = 0D6DD5EF29F3C679008A6A5F /* Main.storyboard */; };
		0D6DD5F329F3C67A008A6A5F /* Assets.xcassets in Resources */ = {isa = PBXBuildFile; fileRef = 0D6DD5F229F3C67A008A6A5F /* Assets.xcassets */; };
		0D6DD5F629F3C67A008A6A5F /* LaunchScreen.storyboard in Resources */ = {isa = PBXBuildFile; fileRef = 0D6DD5F429F3C67A008A6A5F /* LaunchScreen.storyboard */; };
		0D6DD60129F3C67A008A6A5F /* CoastalPulseTests.swift in Sources */ = {isa = PBXBuildFile; fileRef = 0D6DD60029F3C67A008A6A5F /* CoastalPulseTests.swift */; };
		0D6DD60B29F3C67A008A6A5F /* CoastalPulseUITests.swift in Sources */ = {isa = PBXBuildFile; fileRef = 0D6DD60A29F3C67A008A6A5F /* CoastalPulseUITests.swift */; };
		0D6DD60D29F3C67A008A6A5F /* CoastalPulseUITestsLaunchTests.swift in Sources */ = {isa = PBXBuildFile; fileRef = 0D6DD60C29F3C67A008A6A5F /* CoastalPulseUITestsLaunchTests.swift */; };
		0D6DD61A29F3CD86008A6A5F /* SaveController.swift in Sources */ = {isa = PBXBuildFile; fileRef = 0D6DD61929F3CD86008A6A5F /* SaveController.swift */; };
		0D6DD61C29F3D14B008A6A5F /* FilterController.swift in Sources */ = {isa = PBXBuildFile; fileRef = 0D6DD61B29F3D14B008A6A5F /* FilterController.swift */; };
		0D6DD62F29F40BB6008A6A5F /* MapboxCommon.xcframework in Frameworks */ = {isa = PBXBuildFile; fileRef = 0D6DD62329F409C2008A6A5F /* MapboxCommon.xcframework */; };
		0D6DD63029F40BB6008A6A5F /* MapboxCommon.xcframework in Embed Frameworks */ = {isa = PBXBuildFile; fileRef = 0D6DD62329F409C2008A6A5F /* MapboxCommon.xcframework */; settings = {ATTRIBUTES = (CodeSignOnCopy, RemoveHeadersOnCopy, ); }; };
		0D6DD63229F40BB8008A6A5F /* MapboxMobileEvents.xcframework in Frameworks */ = {isa = PBXBuildFile; fileRef = 0D6DD61F29F409C1008A6A5F /* MapboxMobileEvents.xcframework */; };
		0D6DD63329F40BB8008A6A5F /* MapboxMobileEvents.xcframework in Embed Frameworks */ = {isa = PBXBuildFile; fileRef = 0D6DD61F29F409C1008A6A5F /* MapboxMobileEvents.xcframework */; settings = {ATTRIBUTES = (CodeSignOnCopy, RemoveHeadersOnCopy, ); }; };
		0D6DD63429F40BBA008A6A5F /* MapboxCoreMaps.xcframework in Frameworks */ = {isa = PBXBuildFile; fileRef = 0D6DD62229F409C2008A6A5F /* MapboxCoreMaps.xcframework */; };
		0D6DD63529F40BBA008A6A5F /* MapboxCoreMaps.xcframework in Embed Frameworks */ = {isa = PBXBuildFile; fileRef = 0D6DD62229F409C2008A6A5F /* MapboxCoreMaps.xcframework */; settings = {ATTRIBUTES = (CodeSignOnCopy, RemoveHeadersOnCopy, ); }; };
		0D6DD63629F40BBB008A6A5F /* MapboxMaps.xcframework in Frameworks */ = {isa = PBXBuildFile; fileRef = 0D6DD62129F409C2008A6A5F /* MapboxMaps.xcframework */; };
		0D6DD63729F40BBB008A6A5F /* MapboxMaps.xcframework in Embed Frameworks */ = {isa = PBXBuildFile; fileRef = 0D6DD62129F409C2008A6A5F /* MapboxMaps.xcframework */; settings = {ATTRIBUTES = (CodeSignOnCopy, RemoveHeadersOnCopy, ); }; };
		0D6DD63829F40BBD008A6A5F /* Turf.xcframework in Frameworks */ = {isa = PBXBuildFile; fileRef = 0D6DD62029F409C1008A6A5F /* Turf.xcframework */; };
		0D6DD63929F40BBD008A6A5F /* Turf.xcframework in Embed Frameworks */ = {isa = PBXBuildFile; fileRef = 0D6DD62029F409C1008A6A5F /* Turf.xcframework */; settings = {ATTRIBUTES = (CodeSignOnCopy, RemoveHeadersOnCopy, ); }; };
		0D6DD63B29F41CCB008A6A5F /* coastalpulselogo 3.png in Resources */ = {isa = PBXBuildFile; fileRef = 0D6DD63A29F41CCB008A6A5F /* coastalpulselogo 3.png */; };
		0DF3ED6429F52060007F632F /* CustomModalViewController.swift in Sources */ = {isa = PBXBuildFile; fileRef = 0DF3ED6329F52060007F632F /* CustomModalViewController.swift */; };
/* End PBXBuildFile section */

/* Begin PBXContainerItemProxy section */
		0D6DD5FD29F3C67A008A6A5F /* PBXContainerItemProxy */ = {
			isa = PBXContainerItemProxy;
			containerPortal = 0D6DD5DE29F3C678008A6A5F /* Project object */;
			proxyType = 1;
			remoteGlobalIDString = 0D6DD5E529F3C678008A6A5F;
			remoteInfo = CoastalPulse;
		};
		0D6DD60729F3C67A008A6A5F /* PBXContainerItemProxy */ = {
			isa = PBXContainerItemProxy;
			containerPortal = 0D6DD5DE29F3C678008A6A5F /* Project object */;
			proxyType = 1;
			remoteGlobalIDString = 0D6DD5E529F3C678008A6A5F;
			remoteInfo = CoastalPulse;
		};
/* End PBXContainerItemProxy section */

/* Begin PBXCopyFilesBuildPhase section */
		0D6DD63129F40BB6008A6A5F /* Embed Frameworks */ = {
			isa = PBXCopyFilesBuildPhase;
			buildActionMask = 2147483647;
			dstPath = "";
			dstSubfolderSpec = 10;
			files = (
				0D6DD63529F40BBA008A6A5F /* MapboxCoreMaps.xcframework in Embed Frameworks */,
				0D6DD63729F40BBB008A6A5F /* MapboxMaps.xcframework in Embed Frameworks */,
				0D6DD63029F40BB6008A6A5F /* MapboxCommon.xcframework in Embed Frameworks */,
				0D6DD63929F40BBD008A6A5F /* Turf.xcframework in Embed Frameworks */,
				0D6DD63329F40BB8008A6A5F /* MapboxMobileEvents.xcframework in Embed Frameworks */,
			);
			name = "Embed Frameworks";
			runOnlyForDeploymentPostprocessing = 0;
		};
/* End PBXCopyFilesBuildPhase section */

/* Begin PBXFileReference section */
		0D6DD5E629F3C678008A6A5F /* CoastalPulse.app */ = {isa = PBXFileReference; explicitFileType = wrapper.application; includeInIndex = 0; path = CoastalPulse.app; sourceTree = BUILT_PRODUCTS_DIR; };
		0D6DD5E929F3C678008A6A5F /* AppDelegate.swift */ = {isa = PBXFileReference; lastKnownFileType = sourcecode.swift; path = AppDelegate.swift; sourceTree = "<group>"; };
		0D6DD5EB29F3C678008A6A5F /* SceneDelegate.swift */ = {isa = PBXFileReference; lastKnownFileType = sourcecode.swift; path = SceneDelegate.swift; sourceTree = "<group>"; };
		0D6DD5ED29F3C678008A6A5F /* SearchController.swift */ = {isa = PBXFileReference; lastKnownFileType = sourcecode.swift; path = SearchController.swift; sourceTree = "<group>"; };
		0D6DD5F029F3C679008A6A5F /* Base */ = {isa = PBXFileReference; lastKnownFileType = file.storyboard; name = Base; path = Base.lproj/Main.storyboard; sourceTree = "<group>"; };
		0D6DD5F229F3C67A008A6A5F /* Assets.xcassets */ = {isa = PBXFileReference; lastKnownFileType = folder.assetcatalog; path = Assets.xcassets; sourceTree = "<group>"; };
		0D6DD5F529F3C67A008A6A5F /* Base */ = {isa = PBXFileReference; lastKnownFileType = file.storyboard; name = Base; path = Base.lproj/LaunchScreen.storyboard; sourceTree = "<group>"; };
		0D6DD5F729F3C67A008A6A5F /* Info.plist */ = {isa = PBXFileReference; lastKnownFileType = text.plist.xml; path = Info.plist; sourceTree = "<group>"; };
		0D6DD5FC29F3C67A008A6A5F /* CoastalPulseTests.xctest */ = {isa = PBXFileReference; explicitFileType = wrapper.cfbundle; includeInIndex = 0; path = CoastalPulseTests.xctest; sourceTree = BUILT_PRODUCTS_DIR; };
		0D6DD60029F3C67A008A6A5F /* CoastalPulseTests.swift */ = {isa = PBXFileReference; lastKnownFileType = sourcecode.swift; path = CoastalPulseTests.swift; sourceTree = "<group>"; };
		0D6DD60629F3C67A008A6A5F /* CoastalPulseUITests.xctest */ = {isa = PBXFileReference; explicitFileType = wrapper.cfbundle; includeInIndex = 0; path = CoastalPulseUITests.xctest; sourceTree = BUILT_PRODUCTS_DIR; };
		0D6DD60A29F3C67A008A6A5F /* CoastalPulseUITests.swift */ = {isa = PBXFileReference; lastKnownFileType = sourcecode.swift; path = CoastalPulseUITests.swift; sourceTree = "<group>"; };
		0D6DD60C29F3C67A008A6A5F /* CoastalPulseUITestsLaunchTests.swift */ = {isa = PBXFileReference; lastKnownFileType = sourcecode.swift; path = CoastalPulseUITestsLaunchTests.swift; sourceTree = "<group>"; };
		0D6DD61929F3CD86008A6A5F /* SaveController.swift */ = {isa = PBXFileReference; lastKnownFileType = sourcecode.swift; path = SaveController.swift; sourceTree = "<group>"; };
		0D6DD61B29F3D14B008A6A5F /* FilterController.swift */ = {isa = PBXFileReference; lastKnownFileType = sourcecode.swift; path = FilterController.swift; sourceTree = "<group>"; };
		0D6DD61F29F409C1008A6A5F /* MapboxMobileEvents.xcframework */ = {isa = PBXFileReference; lastKnownFileType = wrapper.xcframework; name = MapboxMobileEvents.xcframework; path = artifacts/MapboxMobileEvents.xcframework; sourceTree = "<group>"; };
		0D6DD62029F409C1008A6A5F /* Turf.xcframework */ = {isa = PBXFileReference; lastKnownFileType = wrapper.xcframework; name = Turf.xcframework; path = artifacts/Turf.xcframework; sourceTree = "<group>"; };
		0D6DD62129F409C2008A6A5F /* MapboxMaps.xcframework */ = {isa = PBXFileReference; lastKnownFileType = wrapper.xcframework; name = MapboxMaps.xcframework; path = artifacts/MapboxMaps.xcframework; sourceTree = "<group>"; };
		0D6DD62229F409C2008A6A5F /* MapboxCoreMaps.xcframework */ = {isa = PBXFileReference; lastKnownFileType = wrapper.xcframework; name = MapboxCoreMaps.xcframework; path = artifacts/MapboxCoreMaps.xcframework; sourceTree = "<group>"; };
		0D6DD62329F409C2008A6A5F /* MapboxCommon.xcframework */ = {isa = PBXFileReference; lastKnownFileType = wrapper.xcframework; name = MapboxCommon.xcframework; path = artifacts/MapboxCommon.xcframework; sourceTree = "<group>"; };
		0D6DD63A29F41CCB008A6A5F /* coastalpulselogo 3.png */ = {isa = PBXFileReference; lastKnownFileType = image.png; path = "coastalpulselogo 3.png"; sourceTree = SOURCE_ROOT; };
		0DF3ED6329F52060007F632F /* CustomModalViewController.swift */ = {isa = PBXFileReference; lastKnownFileType = sourcecode.swift; path = CustomModalViewController.swift; sourceTree = "<group>"; };
/* End PBXFileReference section */

/* Begin PBXFrameworksBuildPhase section */
		0D6DD5E329F3C678008A6A5F /* Frameworks */ = {
			isa = PBXFrameworksBuildPhase;
			buildActionMask = 2147483647;
			files = (
				0D6DD63429F40BBA008A6A5F /* MapboxCoreMaps.xcframework in Frameworks */,
				0D6DD62F29F40BB6008A6A5F /* MapboxCommon.xcframework in Frameworks */,
				0D6DD63629F40BBB008A6A5F /* MapboxMaps.xcframework in Frameworks */,
				0D6DD63829F40BBD008A6A5F /* Turf.xcframework in Frameworks */,
				0D6DD63229F40BB8008A6A5F /* MapboxMobileEvents.xcframework in Frameworks */,
			);
			runOnlyForDeploymentPostprocessing = 0;
		};
		0D6DD5F929F3C67A008A6A5F /* Frameworks */ = {
			isa = PBXFrameworksBuildPhase;
			buildActionMask = 2147483647;
			files = (
			);
			runOnlyForDeploymentPostprocessing = 0;
		};
		0D6DD60329F3C67A008A6A5F /* Frameworks */ = {
			isa = PBXFrameworksBuildPhase;
			buildActionMask = 2147483647;
			files = (
			);
			runOnlyForDeploymentPostprocessing = 0;
		};
/* End PBXFrameworksBuildPhase section */

/* Begin PBXGroup section */
		0D6DD5DD29F3C678008A6A5F = {
			isa = PBXGroup;
			children = (
				0D6DD5E829F3C678008A6A5F /* CoastalPulse */,
				0D6DD5FF29F3C67A008A6A5F /* CoastalPulseTests */,
				0D6DD60929F3C67A008A6A5F /* CoastalPulseUITests */,
				0D6DD5E729F3C678008A6A5F /* Products */,
				0D6DD61E29F409C1008A6A5F /* Frameworks */,
			);
			sourceTree = "<group>";
		};
		0D6DD5E729F3C678008A6A5F /* Products */ = {
			isa = PBXGroup;
			children = (
				0D6DD5E629F3C678008A6A5F /* CoastalPulse.app */,
				0D6DD5FC29F3C67A008A6A5F /* CoastalPulseTests.xctest */,
				0D6DD60629F3C67A008A6A5F /* CoastalPulseUITests.xctest */,
			);
			name = Products;
			sourceTree = "<group>";
		};
		0D6DD5E829F3C678008A6A5F /* CoastalPulse */ = {
			isa = PBXGroup;
			children = (
				0D6DD63A29F41CCB008A6A5F /* coastalpulselogo 3.png */,
				0D6DD5E929F3C678008A6A5F /* AppDelegate.swift */,
				0D6DD5EB29F3C678008A6A5F /* SceneDelegate.swift */,
				0D6DD5ED29F3C678008A6A5F /* SearchController.swift */,
				0D6DD5EF29F3C679008A6A5F /* Main.storyboard */,
				0D6DD5F229F3C67A008A6A5F /* Assets.xcassets */,
				0D6DD5F429F3C67A008A6A5F /* LaunchScreen.storyboard */,
				0D6DD5F729F3C67A008A6A5F /* Info.plist */,
				0D6DD61929F3CD86008A6A5F /* SaveController.swift */,
				0D6DD61B29F3D14B008A6A5F /* FilterController.swift */,
				0DF3ED6329F52060007F632F /* CustomModalViewController.swift */,
			);
			path = CoastalPulse;
			sourceTree = "<group>";
		};
		0D6DD5FF29F3C67A008A6A5F /* CoastalPulseTests */ = {
			isa = PBXGroup;
			children = (
				0D6DD60029F3C67A008A6A5F /* CoastalPulseTests.swift */,
			);
			path = CoastalPulseTests;
			sourceTree = "<group>";
		};
		0D6DD60929F3C67A008A6A5F /* CoastalPulseUITests */ = {
			isa = PBXGroup;
			children = (
				0D6DD60A29F3C67A008A6A5F /* CoastalPulseUITests.swift */,
				0D6DD60C29F3C67A008A6A5F /* CoastalPulseUITestsLaunchTests.swift */,
			);
			path = CoastalPulseUITests;
			sourceTree = "<group>";
		};
		0D6DD61E29F409C1008A6A5F /* Frameworks */ = {
			isa = PBXGroup;
			children = (
				0D6DD62329F409C2008A6A5F /* MapboxCommon.xcframework */,
				0D6DD62229F409C2008A6A5F /* MapboxCoreMaps.xcframework */,
				0D6DD62129F409C2008A6A5F /* MapboxMaps.xcframework */,
				0D6DD61F29F409C1008A6A5F /* MapboxMobileEvents.xcframework */,
				0D6DD62029F409C1008A6A5F /* Turf.xcframework */,
			);
			name = Frameworks;
			sourceTree = "<group>";
		};
/* End PBXGroup section */

/* Begin PBXNativeTarget section */
		0D6DD5E529F3C678008A6A5F /* CoastalPulse */ = {
			isa = PBXNativeTarget;
			buildConfigurationList = 0D6DD61029F3C67A008A6A5F /* Build configuration list for PBXNativeTarget "CoastalPulse" */;
			buildPhases = (
				0D6DD5E229F3C678008A6A5F /* Sources */,
				0D6DD5E329F3C678008A6A5F /* Frameworks */,
				0D6DD5E429F3C678008A6A5F /* Resources */,
				0D6DD63129F40BB6008A6A5F /* Embed Frameworks */,
			);
			buildRules = (
			);
			dependencies = (
			);
			name = CoastalPulse;
			productName = CoastalPulse;
			productReference = 0D6DD5E629F3C678008A6A5F /* CoastalPulse.app */;
			productType = "com.apple.product-type.application";
		};
		0D6DD5FB29F3C67A008A6A5F /* CoastalPulseTests */ = {
			isa = PBXNativeTarget;
			buildConfigurationList = 0D6DD61329F3C67A008A6A5F /* Build configuration list for PBXNativeTarget "CoastalPulseTests" */;
			buildPhases = (
				0D6DD5F829F3C67A008A6A5F /* Sources */,
				0D6DD5F929F3C67A008A6A5F /* Frameworks */,
				0D6DD5FA29F3C67A008A6A5F /* Resources */,
			);
			buildRules = (
			);
			dependencies = (
				0D6DD5FE29F3C67A008A6A5F /* PBXTargetDependency */,
			);
			name = CoastalPulseTests;
			productName = CoastalPulseTests;
			productReference = 0D6DD5FC29F3C67A008A6A5F /* CoastalPulseTests.xctest */;
			productType = "com.apple.product-type.bundle.unit-test";
		};
		0D6DD60529F3C67A008A6A5F /* CoastalPulseUITests */ = {
			isa = PBXNativeTarget;
			buildConfigurationList = 0D6DD61629F3C67A008A6A5F /* Build configuration list for PBXNativeTarget "CoastalPulseUITests" */;
			buildPhases = (
				0D6DD60229F3C67A008A6A5F /* Sources */,
				0D6DD60329F3C67A008A6A5F /* Frameworks */,
				0D6DD60429F3C67A008A6A5F /* Resources */,
			);
			buildRules = (
			);
			dependencies = (
				0D6DD60829F3C67A008A6A5F /* PBXTargetDependency */,
			);
			name = CoastalPulseUITests;
			productName = CoastalPulseUITests;
			productReference = 0D6DD60629F3C67A008A6A5F /* CoastalPulseUITests.xctest */;
			productType = "com.apple.product-type.bundle.ui-testing";
		};
/* End PBXNativeTarget section */

/* Begin PBXProject section */
		0D6DD5DE29F3C678008A6A5F /* Project object */ = {
			isa = PBXProject;
			attributes = {
				BuildIndependentTargetsInParallel = 1;
				LastSwiftUpdateCheck = 1430;
				LastUpgradeCheck = 1430;
				TargetAttributes = {
					0D6DD5E529F3C678008A6A5F = {
						CreatedOnToolsVersion = 14.3;
					};
					0D6DD5FB29F3C67A008A6A5F = {
						CreatedOnToolsVersion = 14.3;
						TestTargetID = 0D6DD5E529F3C678008A6A5F;
					};
					0D6DD60529F3C67A008A6A5F = {
						CreatedOnToolsVersion = 14.3;
						TestTargetID = 0D6DD5E529F3C678008A6A5F;
					};
				};
			};
			buildConfigurationList = 0D6DD5E129F3C678008A6A5F /* Build configuration list for PBXProject "CoastalPulse" */;
			compatibilityVersion = "Xcode 14.0";
			developmentRegion = en;
			hasScannedForEncodings = 0;
			knownRegions = (
				en,
				Base,
			);
			mainGroup = 0D6DD5DD29F3C678008A6A5F;
			packageReferences = (
			);
			productRefGroup = 0D6DD5E729F3C678008A6A5F /* Products */;
			projectDirPath = "";
			projectRoot = "";
			targets = (
				0D6DD5E529F3C678008A6A5F /* CoastalPulse */,
				0D6DD5FB29F3C67A008A6A5F /* CoastalPulseTests */,
				0D6DD60529F3C67A008A6A5F /* CoastalPulseUITests */,
			);
		};
/* End PBXProject section */

/* Begin PBXResourcesBuildPhase section */
		0D6DD5E429F3C678008A6A5F /* Resources */ = {
			isa = PBXResourcesBuildPhase;
			buildActionMask = 2147483647;
			files = (
				0D6DD5F629F3C67A008A6A5F /* LaunchScreen.storyboard in Resources */,
				0D6DD63B29F41CCB008A6A5F /* coastalpulselogo 3.png in Resources */,
				0D6DD5F329F3C67A008A6A5F /* Assets.xcassets in Resources */,
				0D6DD5F129F3C679008A6A5F /* Main.storyboard in Resources */,
			);
			runOnlyForDeploymentPostprocessing = 0;
		};
		0D6DD5FA29F3C67A008A6A5F /* Resources */ = {
			isa = PBXResourcesBuildPhase;
			buildActionMask = 2147483647;
			files = (
			);
			runOnlyForDeploymentPostprocessing = 0;
		};
		0D6DD60429F3C67A008A6A5F /* Resources */ = {
			isa = PBXResourcesBuildPhase;
			buildActionMask = 2147483647;
			files = (
			);
			runOnlyForDeploymentPostprocessing = 0;
		};
/* End PBXResourcesBuildPhase section */

/* Begin PBXSourcesBuildPhase section */
		0D6DD5E229F3C678008A6A5F /* Sources */ = {
			isa = PBXSourcesBuildPhase;
			buildActionMask = 2147483647;
			files = (
				0D6DD61C29F3D14B008A6A5F /* FilterController.swift in Sources */,
				0D6DD5EE29F3C678008A6A5F /* SearchController.swift in Sources */,
				0D6DD5EA29F3C678008A6A5F /* AppDelegate.swift in Sources */,
				0D6DD61A29F3CD86008A6A5F /* SaveController.swift in Sources */,
				0D6DD5EC29F3C678008A6A5F /* SceneDelegate.swift in Sources */,
				0DF3ED6429F52060007F632F /* CustomModalViewController.swift in Sources */,
			);
			runOnlyForDeploymentPostprocessing = 0;
		};
		0D6DD5F829F3C67A008A6A5F /* Sources */ = {
			isa = PBXSourcesBuildPhase;
			buildActionMask = 2147483647;
			files = (
				0D6DD60129F3C67A008A6A5F /* CoastalPulseTests.swift in Sources */,
			);
			runOnlyForDeploymentPostprocessing = 0;
		};
		0D6DD60229F3C67A008A6A5F /* Sources */ = {
			isa = PBXSourcesBuildPhase;
			buildActionMask = 2147483647;
			files = (
				0D6DD60D29F3C67A008A6A5F /* CoastalPulseUITestsLaunchTests.swift in Sources */,
				0D6DD60B29F3C67A008A6A5F /* CoastalPulseUITests.swift in Sources */,
			);
			runOnlyForDeploymentPostprocessing = 0;
		};
/* End PBXSourcesBuildPhase section */

/* Begin PBXTargetDependency section */
		0D6DD5FE29F3C67A008A6A5F /* PBXTargetDependency */ = {
			isa = PBXTargetDependency;
			target = 0D6DD5E529F3C678008A6A5F /* CoastalPulse */;
			targetProxy = 0D6DD5FD29F3C67A008A6A5F /* PBXContainerItemProxy */;
		};
		0D6DD60829F3C67A008A6A5F /* PBXTargetDependency */ = {
			isa = PBXTargetDependency;
			target = 0D6DD5E529F3C678008A6A5F /* CoastalPulse */;
			targetProxy = 0D6DD60729F3C67A008A6A5F /* PBXContainerItemProxy */;
		};
/* End PBXTargetDependency section */

/* Begin PBXVariantGroup section */
		0D6DD5EF29F3C679008A6A5F /* Main.storyboard */ = {
			isa = PBXVariantGroup;
			children = (
				0D6DD5F029F3C679008A6A5F /* Base */,
			);
			name = Main.storyboard;
			sourceTree = "<group>";
		};
		0D6DD5F429F3C67A008A6A5F /* LaunchScreen.storyboard */ = {
			isa = PBXVariantGroup;
			children = (
				0D6DD5F529F3C67A008A6A5F /* Base */,
			);
			name = LaunchScreen.storyboard;
			sourceTree = "<group>";
		};
/* End PBXVariantGroup section */

/* Begin XCBuildConfiguration section */
		0D6DD60E29F3C67A008A6A5F /* Debug */ = {
			isa = XCBuildConfiguration;
			buildSettings = {
				ALWAYS_SEARCH_USER_PATHS = NO;
				CLANG_ANALYZER_NONNULL = YES;
				CLANG_ANALYZER_NUMBER_OBJECT_CONVERSION = YES_AGGRESSIVE;
				CLANG_CXX_LANGUAGE_STANDARD = "gnu++20";
				CLANG_ENABLE_MODULES = YES;
				CLANG_ENABLE_OBJC_ARC = YES;
				CLANG_ENABLE_OBJC_WEAK = YES;
				CLANG_WARN_BLOCK_CAPTURE_AUTORELEASING = YES;
				CLANG_WARN_BOOL_CONVERSION = YES;
				CLANG_WARN_COMMA = YES;
				CLANG_WARN_CONSTANT_CONVERSION = YES;
				CLANG_WARN_DEPRECATED_OBJC_IMPLEMENTATIONS = YES;
				CLANG_WARN_DIRECT_OBJC_ISA_USAGE = YES_ERROR;
				CLANG_WARN_DOCUMENTATION_COMMENTS = YES;
				CLANG_WARN_EMPTY_BODY = YES;
				CLANG_WARN_ENUM_CONVERSION = YES;
				CLANG_WARN_INFINITE_RECURSION = YES;
				CLANG_WARN_INT_CONVERSION = YES;
				CLANG_WARN_NON_LITERAL_NULL_CONVERSION = YES;
				CLANG_WARN_OBJC_IMPLICIT_RETAIN_SELF = YES;
				CLANG_WARN_OBJC_LITERAL_CONVERSION = YES;
				CLANG_WARN_OBJC_ROOT_CLASS = YES_ERROR;
				CLANG_WARN_QUOTED_INCLUDE_IN_FRAMEWORK_HEADER = YES;
				CLANG_WARN_RANGE_LOOP_ANALYSIS = YES;
				CLANG_WARN_STRICT_PROTOTYPES = YES;
				CLANG_WARN_SUSPICIOUS_MOVE = YES;
				CLANG_WARN_UNGUARDED_AVAILABILITY = YES_AGGRESSIVE;
				CLANG_WARN_UNREACHABLE_CODE = YES;
				CLANG_WARN__DUPLICATE_METHOD_MATCH = YES;
				COPY_PHASE_STRIP = NO;
				DEBUG_INFORMATION_FORMAT = dwarf;
				ENABLE_STRICT_OBJC_MSGSEND = YES;
				ENABLE_TESTABILITY = YES;
				GCC_C_LANGUAGE_STANDARD = gnu11;
				GCC_DYNAMIC_NO_PIC = NO;
				GCC_NO_COMMON_BLOCKS = YES;
				GCC_OPTIMIZATION_LEVEL = 0;
				GCC_PREPROCESSOR_DEFINITIONS = (
					"DEBUG=1",
					"$(inherited)",
				);
				GCC_WARN_64_TO_32_BIT_CONVERSION = YES;
				GCC_WARN_ABOUT_RETURN_TYPE = YES_ERROR;
				GCC_WARN_UNDECLARED_SELECTOR = YES;
				GCC_WARN_UNINITIALIZED_AUTOS = YES_AGGRESSIVE;
				GCC_WARN_UNUSED_FUNCTION = YES;
				GCC_WARN_UNUSED_VARIABLE = YES;
				IPHONEOS_DEPLOYMENT_TARGET = 14.0;
				MTL_ENABLE_DEBUG_INFO = INCLUDE_SOURCE;
				MTL_FAST_MATH = YES;
				ONLY_ACTIVE_ARCH = YES;
				SDKROOT = iphoneos;
				SWIFT_ACTIVE_COMPILATION_CONDITIONS = DEBUG;
				SWIFT_OPTIMIZATION_LEVEL = "-Onone";
			};
			name = Debug;
		};
		0D6DD60F29F3C67A008A6A5F /* Release */ = {
			isa = XCBuildConfiguration;
			buildSettings = {
				ALWAYS_SEARCH_USER_PATHS = NO;
				CLANG_ANALYZER_NONNULL = YES;
				CLANG_ANALYZER_NUMBER_OBJECT_CONVERSION = YES_AGGRESSIVE;
				CLANG_CXX_LANGUAGE_STANDARD = "gnu++20";
				CLANG_ENABLE_MODULES = YES;
				CLANG_ENABLE_OBJC_ARC = YES;
				CLANG_ENABLE_OBJC_WEAK = YES;
				CLANG_WARN_BLOCK_CAPTURE_AUTORELEASING = YES;
				CLANG_WARN_BOOL_CONVERSION = YES;
				CLANG_WARN_COMMA = YES;
				CLANG_WARN_CONSTANT_CONVERSION = YES;
				CLANG_WARN_DEPRECATED_OBJC_IMPLEMENTATIONS = YES;
				CLANG_WARN_DIRECT_OBJC_ISA_USAGE = YES_ERROR;
				CLANG_WARN_DOCUMENTATION_COMMENTS = YES;
				CLANG_WARN_EMPTY_BODY = YES;
				CLANG_WARN_ENUM_CONVERSION = YES;
				CLANG_WARN_INFINITE_RECURSION = YES;
				CLANG_WARN_INT_CONVERSION = YES;
				CLANG_WARN_NON_LITERAL_NULL_CONVERSION = YES;
				CLANG_WARN_OBJC_IMPLICIT_RETAIN_SELF = YES;
				CLANG_WARN_OBJC_LITERAL_CONVERSION = YES;
				CLANG_WARN_OBJC_ROOT_CLASS = YES_ERROR;
				CLANG_WARN_QUOTED_INCLUDE_IN_FRAMEWORK_HEADER = YES;
				CLANG_WARN_RANGE_LOOP_ANALYSIS = YES;
				CLANG_WARN_STRICT_PROTOTYPES = YES;
				CLANG_WARN_SUSPICIOUS_MOVE = YES;
				CLANG_WARN_UNGUARDED_AVAILABILITY = YES_AGGRESSIVE;
				CLANG_WARN_UNREACHABLE_CODE = YES;
				CLANG_WARN__DUPLICATE_METHOD_MATCH = YES;
				COPY_PHASE_STRIP = NO;
				DEBUG_INFORMATION_FORMAT = "dwarf-with-dsym";
				ENABLE_NS_ASSERTIONS = NO;
				ENABLE_STRICT_OBJC_MSGSEND = YES;
				GCC_C_LANGUAGE_STANDARD = gnu11;
				GCC_NO_COMMON_BLOCKS = YES;
				GCC_WARN_64_TO_32_BIT_CONVERSION = YES;
				GCC_WARN_ABOUT_RETURN_TYPE = YES_ERROR;
				GCC_WARN_UNDECLARED_SELECTOR = YES;
				GCC_WARN_UNINITIALIZED_AUTOS = YES_AGGRESSIVE;
				GCC_WARN_UNUSED_FUNCTION = YES;
				GCC_WARN_UNUSED_VARIABLE = YES;
				IPHONEOS_DEPLOYMENT_TARGET = 14.0;
				MTL_ENABLE_DEBUG_INFO = NO;
				MTL_FAST_MATH = YES;
				SDKROOT = iphoneos;
				SWIFT_COMPILATION_MODE = wholemodule;
				SWIFT_OPTIMIZATION_LEVEL = "-O";
				VALIDATE_PRODUCT = YES;
			};
			name = Release;
		};
		0D6DD61129F3C67A008A6A5F /* Debug */ = {
			isa = XCBuildConfiguration;
			buildSettings = {
				ASSETCATALOG_COMPILER_APPICON_NAME = AppIcon;
				ASSETCATALOG_COMPILER_GLOBAL_ACCENT_COLOR_NAME = AccentColor;
				CODE_SIGN_STYLE = Automatic;
				CURRENT_PROJECT_VERSION = 1;
				DEVELOPMENT_TEAM = Z9GD6R2WU3;
				GENERATE_INFOPLIST_FILE = YES;
				INFOPLIST_FILE = CoastalPulse/Info.plist;
				INFOPLIST_KEY_UIApplicationSupportsIndirectInputEvents = YES;
				INFOPLIST_KEY_UILaunchStoryboardName = LaunchScreen;
				INFOPLIST_KEY_UIMainStoryboardFile = Main;
				INFOPLIST_KEY_UISupportedInterfaceOrientations = UIInterfaceOrientationPortrait;
				IPHONEOS_DEPLOYMENT_TARGET = 14.0;
				LD_RUNPATH_SEARCH_PATHS = (
					"$(inherited)",
					"@executable_path/Frameworks",
				);
				MARKETING_VERSION = 1.0;
				PRODUCT_BUNDLE_IDENTIFIER = com.bellerophon.CoastalPulse;
				PRODUCT_NAME = "$(TARGET_NAME)";
				SUPPORTED_PLATFORMS = "iphoneos iphonesimulator";
				SUPPORTS_MACCATALYST = NO;
				SUPPORTS_MAC_DESIGNED_FOR_IPHONE_IPAD = NO;
				SWIFT_EMIT_LOC_STRINGS = YES;
				SWIFT_VERSION = 5.0;
				TARGETED_DEVICE_FAMILY = 1;
			};
			name = Debug;
		};
		0D6DD61229F3C67A008A6A5F /* Release */ = {
			isa = XCBuildConfiguration;
			buildSettings = {
				ASSETCATALOG_COMPILER_APPICON_NAME = AppIcon;
				ASSETCATALOG_COMPILER_GLOBAL_ACCENT_COLOR_NAME = AccentColor;
				CODE_SIGN_STYLE = Automatic;
				CURRENT_PROJECT_VERSION = 1;
				DEVELOPMENT_TEAM = Z9GD6R2WU3;
				GENERATE_INFOPLIST_FILE = YES;
				INFOPLIST_FILE = CoastalPulse/Info.plist;
				INFOPLIST_KEY_UIApplicationSupportsIndirectInputEvents = YES;
				INFOPLIST_KEY_UILaunchStoryboardName = LaunchScreen;
				INFOPLIST_KEY_UIMainStoryboardFile = Main;
				INFOPLIST_KEY_UISupportedInterfaceOrientations = UIInterfaceOrientationPortrait;
				IPHONEOS_DEPLOYMENT_TARGET = 14.0;
				LD_RUNPATH_SEARCH_PATHS = (
					"$(inherited)",
					"@executable_path/Frameworks",
				);
				MARKETING_VERSION = 1.0;
				PRODUCT_BUNDLE_IDENTIFIER = com.bellerophon.CoastalPulse;
				PRODUCT_NAME = "$(TARGET_NAME)";
				SUPPORTED_PLATFORMS = "iphoneos iphonesimulator";
				SUPPORTS_MACCATALYST = NO;
				SUPPORTS_MAC_DESIGNED_FOR_IPHONE_IPAD = NO;
				SWIFT_EMIT_LOC_STRINGS = YES;
				SWIFT_VERSION = 5.0;
				TARGETED_DEVICE_FAMILY = 1;
			};
			name = Release;
		};
		0D6DD61429F3C67A008A6A5F /* Debug */ = {
			isa = XCBuildConfiguration;
			buildSettings = {
				ALWAYS_EMBED_SWIFT_STANDARD_LIBRARIES = YES;
				BUNDLE_LOADER = "$(TEST_HOST)";
				CODE_SIGN_STYLE = Automatic;
				CURRENT_PROJECT_VERSION = 1;
				DEVELOPMENT_TEAM = Z9GD6R2WU3;
				GENERATE_INFOPLIST_FILE = YES;
				IPHONEOS_DEPLOYMENT_TARGET = 16.4;
				MARKETING_VERSION = 1.0;
				PRODUCT_BUNDLE_IDENTIFIER = com.bellerophon.CoastalPulseTests;
				PRODUCT_NAME = "$(TARGET_NAME)";
				SWIFT_EMIT_LOC_STRINGS = NO;
				SWIFT_VERSION = 5.0;
				TARGETED_DEVICE_FAMILY = "1,2";
				TEST_HOST = "$(BUILT_PRODUCTS_DIR)/CoastalPulse.app/$(BUNDLE_EXECUTABLE_FOLDER_PATH)/CoastalPulse";
			};
			name = Debug;
		};
		0D6DD61529F3C67A008A6A5F /* Release */ = {
			isa = XCBuildConfiguration;
			buildSettings = {
				ALWAYS_EMBED_SWIFT_STANDARD_LIBRARIES = YES;
				BUNDLE_LOADER = "$(TEST_HOST)";
				CODE_SIGN_STYLE = Automatic;
				CURRENT_PROJECT_VERSION = 1;
				DEVELOPMENT_TEAM = Z9GD6R2WU3;
				GENERATE_INFOPLIST_FILE = YES;
				IPHONEOS_DEPLOYMENT_TARGET = 16.4;
				MARKETING_VERSION = 1.0;
				PRODUCT_BUNDLE_IDENTIFIER = com.bellerophon.CoastalPulseTests;
				PRODUCT_NAME = "$(TARGET_NAME)";
				SWIFT_EMIT_LOC_STRINGS = NO;
				SWIFT_VERSION = 5.0;
				TARGETED_DEVICE_FAMILY = "1,2";
				TEST_HOST = "$(BUILT_PRODUCTS_DIR)/CoastalPulse.app/$(BUNDLE_EXECUTABLE_FOLDER_PATH)/CoastalPulse";
			};
			name = Release;
		};
		0D6DD61729F3C67A008A6A5F /* Debug */ = {
			isa = XCBuildConfiguration;
			buildSettings = {
				ALWAYS_EMBED_SWIFT_STANDARD_LIBRARIES = YES;
				CODE_SIGN_STYLE = Automatic;
				CURRENT_PROJECT_VERSION = 1;
				DEVELOPMENT_TEAM = Z9GD6R2WU3;
				GENERATE_INFOPLIST_FILE = YES;
				MARKETING_VERSION = 1.0;
				PRODUCT_BUNDLE_IDENTIFIER = com.bellerophon.CoastalPulseUITests;
				PRODUCT_NAME = "$(TARGET_NAME)";
				SWIFT_EMIT_LOC_STRINGS = NO;
				SWIFT_VERSION = 5.0;
				TARGETED_DEVICE_FAMILY = "1,2";
				TEST_TARGET_NAME = CoastalPulse;
			};
			name = Debug;
		};
		0D6DD61829F3C67A008A6A5F /* Release */ = {
			isa = XCBuildConfiguration;
			buildSettings = {
				ALWAYS_EMBED_SWIFT_STANDARD_LIBRARIES = YES;
				CODE_SIGN_STYLE = Automatic;
				CURRENT_PROJECT_VERSION = 1;
				DEVELOPMENT_TEAM = Z9GD6R2WU3;
				GENERATE_INFOPLIST_FILE = YES;
				MARKETING_VERSION = 1.0;
				PRODUCT_BUNDLE_IDENTIFIER = com.bellerophon.CoastalPulseUITests;
				PRODUCT_NAME = "$(TARGET_NAME)";
				SWIFT_EMIT_LOC_STRINGS = NO;
				SWIFT_VERSION = 5.0;
				TARGETED_DEVICE_FAMILY = "1,2";
				TEST_TARGET_NAME = CoastalPulse;
			};
			name = Release;
		};
/* End XCBuildConfiguration section */

/* Begin XCConfigurationList section */
		0D6DD5E129F3C678008A6A5F /* Build configuration list for PBXProject "CoastalPulse" */ = {
			isa = XCConfigurationList;
			buildConfigurations = (
				0D6DD60E29F3C67A008A6A5F /* Debug */,
				0D6DD60F29F3C67A008A6A5F /* Release */,
			);
			defaultConfigurationIsVisible = 0;
			defaultConfigurationName = Release;
		};
		0D6DD61029F3C67A008A6A5F /* Build configuration list for PBXNativeTarget "CoastalPulse" */ = {
			isa = XCConfigurationList;
			buildConfigurations = (
				0D6DD61129F3C67A008A6A5F /* Debug */,
				0D6DD61229F3C67A008A6A5F /* Release */,
			);
			defaultConfigurationIsVisible = 0;
			defaultConfigurationName = Release;
		};
		0D6DD61329F3C67A008A6A5F /* Build configuration list for PBXNativeTarget "CoastalPulseTests" */ = {
			isa = XCConfigurationList;
			buildConfigurations = (
				0D6DD61429F3C67A008A6A5F /* Debug */,
				0D6DD61529F3C67A008A6A5F /* Release */,
			);
			defaultConfigurationIsVisible = 0;
			defaultConfigurationName = Release;
		};
		0D6DD61629F3C67A008A6A5F /* Build configuration list for PBXNativeTarget "CoastalPulseUITests" */ = {
			isa = XCConfigurationList;
			buildConfigurations = (
				0D6DD61729F3C67A008A6A5F /* Debug */,
				0D6DD61829F3C67A008A6A5F /* Release */,
			);
			defaultConfigurationIsVisible = 0;
			defaultConfigurationName = Release;
		};
/* End XCConfigurationList section */
	};
	rootObject = 0D6DD5DE29F3C678008A6A5F /* Project object */;
}
